
Microsoft Visual Studio Solution File, Format Version 12.00
# Visual Studio Version 17
VisualStudioVersion = 17.9.34902.65
MinimumVisualStudioVersion = 10.0.40219.1
Project("{FAE04EC0-301F-11D3-BF4B-00C04F79EFBC}") = "HelldiversLoadoutGenerator", "HelldiversLoadoutGenerator.csproj", "{0C602F53-7722-4401-A0EE-6F8B4E0AB935}"
EndProject
Global
	GlobalSection(SolutionConfigurationPlatforms) = preSolution
		Debug|Any CPU = Debug|Any CPU
		Release|Any CPU = Release|Any CPU
	EndGlobalSection
	GlobalSection(ProjectConfigurationPlatforms) = postSolution
		{0C602F53-7722-4401-A0EE-6F8B4E0AB935}.Debug|Any CPU.ActiveCfg = Debug|Any CPU
		{0C602F53-7722-4401-A0EE-6F8B4E0AB935}.Debug|Any CPU.Build.0 = Debug|Any CPU
		{0C602F53-7722-4401-A0EE-6F8B4E0AB935}.Release|Any CPU.ActiveCfg = Release|Any CPU
		{0C602F53-7722-4401-A0EE-6F8B4E0AB935}.Release|Any CPU.Build.0 = Release|Any CPU
	EndGlobalSection
	GlobalSection(SolutionProperties) = preSolution
		HideSolutionNode = FALSE
	EndGlobalSection
	GlobalSection(ExtensibilityGlobals) = postSolution
		SolutionGuid = {B7CF64BC-09C4-4AD1-B684-CE0192035C7B}
	EndGlobalSection
EndGlobal
